
Microsoft Visual Studio Solution File, Format Version 12.00
# Visual Studio Version 17
VisualStudioVersion = 17.11.35327.3
MinimumVisualStudioVersion = 10.0.40219.1
Project("{FAE04EC0-301F-11D3-BF4B-00C04F79EFBC}") = "DAlgorithms", "DAlgorithms.csproj", "{AFF41799-5EAE-4FFC-BDCC-A70B548C27C4}"
EndProject
Global
	GlobalSection(SolutionConfigurationPlatforms) = preSolution
		Debug|Any CPU = Debug|Any CPU
		Release|Any CPU = Release|Any CPU
	EndGlobalSection
	GlobalSection(ProjectConfigurationPlatforms) = postSolution
		{AFF41799-5EAE-4FFC-BDCC-A70B548C27C4}.Debug|Any CPU.ActiveCfg = Debug|Any CPU
		{AFF41799-5EAE-4FFC-BDCC-A70B548C27C4}.Debug|Any CPU.Build.0 = Debug|Any CPU
		{AFF41799-5EAE-4FFC-BDCC-A70B548C27C4}.Release|Any CPU.ActiveCfg = Release|Any CPU
		{AFF41799-5EAE-4FFC-BDCC-A70B548C27C4}.Release|Any CPU.Build.0 = Release|Any CPU
	EndGlobalSection
	GlobalSection(SolutionProperties) = preSolution
		HideSolutionNode = FALSE
	EndGlobalSection
	GlobalSection(ExtensibilityGlobals) = postSolution
		SolutionGuid = {53C31E92-5CD2-4134-8C34-9D71CF245B2F}
	EndGlobalSection
EndGlobal
